
Microsoft Visual Studio Solution File, Format Version 12.00
# Visual Studio Version 17
VisualStudioVersion = 17.3.32825.248
MinimumVisualStudioVersion = 10.0.40219.1
Project("{FAE04EC0-301F-11D3-BF4B-00C04F79EFBC}") = "CinemaAppBE", "CinemaAppBE\CinemaAppBE.csproj", "{FDED867C-FDC7-4619-95A8-9963DDC7A64C}"
EndProject
Global
	GlobalSection(SolutionConfigurationPlatforms) = preSolution
		Debug|Any CPU = Debug|Any CPU
		Release|Any CPU = Release|Any CPU
	EndGlobalSection
	GlobalSection(ProjectConfigurationPlatforms) = postSolution
		{FDED867C-FDC7-4619-95A8-9963DDC7A64C}.Debug|Any CPU.ActiveCfg = Debug|Any CPU
		{FDED867C-FDC7-4619-95A8-9963DDC7A64C}.Debug|Any CPU.Build.0 = Debug|Any CPU
		{FDED867C-FDC7-4619-95A8-9963DDC7A64C}.Release|Any CPU.ActiveCfg = Release|Any CPU
		{FDED867C-FDC7-4619-95A8-9963DDC7A64C}.Release|Any CPU.Build.0 = Release|Any CPU
	EndGlobalSection
	GlobalSection(SolutionProperties) = preSolution
		HideSolutionNode = FALSE
	EndGlobalSection
	GlobalSection(ExtensibilityGlobals) = postSolution
		SolutionGuid = {91657676-4146-40C2-81D0-F2273E95BAFA}
	EndGlobalSection
EndGlobal
